<?xml version="1.0" encoding="utf-8"?>
<Project ToolsVersion="4.0" xmlns="http://schemas.microsoft.com/developer/msbuild/2003">
  <ItemGroup>
    <Filter Include="Source Files">
      <UniqueIdentifier>{4FC737F1-C7A5-4376-A066-2A32D752A2FF}</UniqueIdentifier>
      <Extensions>cpp;c;cc;cxx;def;odl;idl;hpj;bat;asm;asmx</Extensions>
    </Filter>
    <Filter Include="Header Files">
      <UniqueIdentifier>{93995380-89BD-4b04-88EB-625FBE52EBFB}</UniqueIdentifier>
      <Extensions>h;hh;hpp;hxx;hm;inl;inc;ipp;xsd</Extensions>
    </Filter>
    <Filter Include="Resource Files">
      <UniqueIdentifier>{67DA6AB6-F800-4c08-8B7A-83BB121AAD01}</UniqueIdentifier>
      <Extensions>rc;ico;cur;bmp;dlg;rc2;rct;bin;rgs;gif;jpg;jpeg;jpe;resx;tiff;tif;png;wav;mfcribbon-ms</Extensions>
    </Filter>
  </ItemGroup>
  <ItemGroup>
    <ClInclude Include="fms_sequence_base.h">
      <Filter>Header Files</Filter>
    </ClInclude>
    <ClInclude Include="fms_sequence_take.h">
      <Filter>Header Files</Filter>
    </ClInclude>
    <ClInclude Include="fms_sequence_equal.h">
      <Filter>Header Files</Filter>
    </ClInclude>
    <ClInclude Include="fms_sequence.h">
      <Filter>Header Files</Filter>
    </ClInclude>
    <ClInclude Include="fms_sequence_apply.h">
      <Filter>Header Files</Filter>
    </ClInclude>
    <ClInclude Include="fms_sequence_binop.h">
      <Filter>Header Files</Filter>
    </ClInclude>
    <ClInclude Include="fms_sequence_cache.h">
      <Filter>Header Files</Filter>
    </ClInclude>
    <ClInclude Include="fms_sequence_choose.h">
      <Filter>Header Files</Filter>
    </ClInclude>
    <ClInclude Include="fms_sequence_concatenate.h">
      <Filter>Header Files</Filter>
    </ClInclude>
    <ClInclude Include="fms_sequence_constant.h">
      <Filter>Header Files</Filter>
    </ClInclude>
    <ClInclude Include="fms_sequence_copy.h">
      <Filter>Header Files</Filter>
    </ClInclude>
    <ClInclude Include="fms_sequence_epsilon.h">
      <Filter>Header Files</Filter>
    </ClInclude>
    <ClInclude Include="fms_sequence_factorial.h">
      <Filter>Header Files</Filter>
    </ClInclude>
    <ClInclude Include="fms_sequence_flatten.h">
      <Filter>Header Files</Filter>
    </ClInclude>
    <ClInclude Include="fms_sequence_iota.h">
      <Filter>Header Files</Filter>
    </ClInclude>
    <ClInclude Include="fms_sequence_item.h">
      <Filter>Header Files</Filter>
    </ClInclude>
    <ClInclude Include="fms_sequence_iterator.h">
      <Filter>Header Files</Filter>
    </ClInclude>
    <ClInclude Include="fms_sequence_length.h">
      <Filter>Header Files</Filter>
    </ClInclude>
    <ClInclude Include="fms_sequence_list.h">
      <Filter>Header Files</Filter>
    </ClInclude>
    <ClInclude Include="fms_sequence_null.h">
      <Filter>Header Files</Filter>
    </ClInclude>
    <ClInclude Include="fms_sequence_pointer.h">
      <Filter>Header Files</Filter>
    </ClInclude>
    <ClInclude Include="fms_sequence_power.h">
      <Filter>Header Files</Filter>
    </ClInclude>
    <ClInclude Include="fms_sequence_reverse.h">
      <Filter>Header Files</Filter>
    </ClInclude>
    <ClInclude Include="fms_sequence_skip.h">
      <Filter>Header Files</Filter>
    </ClInclude>
    <ClInclude Include="fms_sequence_sum.h">
      <Filter>Header Files</Filter>
    </ClInclude>
    <ClInclude Include="fms_sequence_traits.h">
      <Filter>Header Files</Filter>
    </ClInclude>
    <ClInclude Include="fms_sequence_unique.h">
      <Filter>Header Files</Filter>
    </ClInclude>
  </ItemGroup>
  <ItemGroup>
    <ClCompile Include="fms_sequence.t.cpp">
      <Filter>Source Files</Filter>
    </ClCompile>
    <ClCompile Include="fms_sequence_base.t.cpp">
      <Filter>Source Files</Filter>
    </ClCompile>
    <ClCompile Include="fms_sequence_take.t.cpp">
      <Filter>Source Files</Filter>
    </ClCompile>
    <ClCompile Include="fms_sequence_apply.t.cpp">
      <Filter>Source Files</Filter>
    </ClCompile>
    <ClCompile Include="fms_sequence_binop.t.cpp">
      <Filter>Source Files</Filter>
    </ClCompile>
    <ClCompile Include="fms_sequence_cache.t.cpp">
      <Filter>Source Files</Filter>
    </ClCompile>
    <ClCompile Include="fms_sequence_choose.t.cpp">
      <Filter>Source Files</Filter>
    </ClCompile>
    <ClCompile Include="fms_sequence_concatenate.t.cpp">
      <Filter>Source Files</Filter>
    </ClCompile>
    <ClCompile Include="fms_sequence_constant.t.cpp">
      <Filter>Source Files</Filter>
    </ClCompile>
    <ClCompile Include="fms_sequence_copy.t.cpp">
      <Filter>Source Files</Filter>
    </ClCompile>
    <ClCompile Include="fms_sequence_epsilon.t.cpp">
      <Filter>Source Files</Filter>
    </ClCompile>
    <ClCompile Include="fms_sequence_equal.t.cpp">
      <Filter>Source Files</Filter>
    </ClCompile>
    <ClCompile Include="fms_sequence_factorial.t.cpp">
      <Filter>Source Files</Filter>
    </ClCompile>
    <ClCompile Include="fms_sequence_flatten.t.cpp">
      <Filter>Source Files</Filter>
    </ClCompile>
    <ClCompile Include="fms_sequence_iota.t.cpp">
      <Filter>Source Files</Filter>
    </ClCompile>
    <ClCompile Include="fms_sequence_item.t.cpp">
      <Filter>Source Files</Filter>
    </ClCompile>
    <ClCompile Include="fms_sequence_iterator.t.cpp">
      <Filter>Source Files</Filter>
    </ClCompile>
    <ClCompile Include="fms_sequence_list.t.cpp">
      <Filter>Source Files</Filter>
    </ClCompile>
    <ClCompile Include="fms_sequence_null.t.cpp">
      <Filter>Source Files</Filter>
    </ClCompile>
    <ClCompile Include="fms_sequence_reverse.t.cpp">
      <Filter>Source Files</Filter>
    </ClCompile>
    <ClCompile Include="fms_sequence_sum.t.cpp">
      <Filter>Source Files</Filter>
    </ClCompile>
    <ClCompile Include="fms_sequence_unique.t.cpp">
      <Filter>Source Files</Filter>
    </ClCompile>
  </ItemGroup>
</Project>