
Microsoft Visual Studio Solution File, Format Version 12.00
# Visual Studio Version 16
VisualStudioVersion = 16.0.29403.142
MinimumVisualStudioVersion = 10.0.40219.1
Project("{8BC9CEB8-8B4A-11D0-8D11-00A0C91BC942}") = "fms_sequence", "fms_sequence.vcxproj", "{B8CF0969-D36C-4D35-AC68-3B14D1A1B192}"
EndProject
Project("{2150E333-8FDC-42A3-9474-1A3956D46DE8}") = "Solution Items", "Solution Items", "{B96FB67E-2A13-4CB9-96E2-3EE79CBCBBE5}"
	ProjectSection(SolutionItems) = preProject
		README.md = README.md
	EndProjectSection
EndProject
Global
	GlobalSection(SolutionConfigurationPlatforms) = preSolution
		Debug|x64 = Debug|x64
		Debug|x86 = Debug|x86
		Release|x64 = Release|x64
		Release|x86 = Release|x86
	EndGlobalSection
	GlobalSection(ProjectConfigurationPlatforms) = postSolution
		{B8CF0969-D36C-4D35-AC68-3B14D1A1B192}.Debug|x64.ActiveCfg = Debug|x64
		{B8CF0969-D36C-4D35-AC68-3B14D1A1B192}.Debug|x64.Build.0 = Debug|x64
		{B8CF0969-D36C-4D35-AC68-3B14D1A1B192}.Debug|x86.ActiveCfg = Debug|Win32
		{B8CF0969-D36C-4D35-AC68-3B14D1A1B192}.Debug|x86.Build.0 = Debug|Win32
		{B8CF0969-D36C-4D35-AC68-3B14D1A1B192}.Release|x64.ActiveCfg = Release|x64
		{B8CF0969-D36C-4D35-AC68-3B14D1A1B192}.Release|x64.Build.0 = Release|x64
		{B8CF0969-D36C-4D35-AC68-3B14D1A1B192}.Release|x86.ActiveCfg = Release|Win32
		{B8CF0969-D36C-4D35-AC68-3B14D1A1B192}.Release|x86.Build.0 = Release|Win32
	EndGlobalSection
	GlobalSection(SolutionProperties) = preSolution
		HideSolutionNode = FALSE
	EndGlobalSection
	GlobalSection(ExtensibilityGlobals) = postSolution
		SolutionGuid = {5465AF99-C131-4AC1-A63F-C1FFC759CE37}
	EndGlobalSection
EndGlobal
